
Microsoft Visual Studio Solution File, Format Version 12.00
# Visual Studio Version 17
VisualStudioVersion = 17.0.31912.275
MinimumVisualStudioVersion = 10.0.40219.1
Project("{2150E333-8FDC-42A3-9474-1A3956D46DE8}") = "src", "src", "{08A19B59-91C6-431F-98E9-186F200E77A3}"
EndProject
Project("{2150E333-8FDC-42A3-9474-1A3956D46DE8}") = "test", "test", "{ECE10B0F-F64B-46A6-869C-086944683A6F}"
EndProject
Project("{FAE04EC0-301F-11D3-BF4B-00C04F79EFBC}") = "WebAPI", "src\WebAPI\WebAPI.csproj", "{55470EDC-0CEA-4A0C-9F91-6306607228CD}"
EndProject
Global
	GlobalSection(SolutionConfigurationPlatforms) = preSolution
		Debug|Any CPU = Debug|Any CPU
		Release|Any CPU = Release|Any CPU
	EndGlobalSection
	GlobalSection(ProjectConfigurationPlatforms) = postSolution
		{55470EDC-0CEA-4A0C-9F91-6306607228CD}.Debug|Any CPU.ActiveCfg = Debug|Any CPU
		{55470EDC-0CEA-4A0C-9F91-6306607228CD}.Debug|Any CPU.Build.0 = Debug|Any CPU
		{55470EDC-0CEA-4A0C-9F91-6306607228CD}.Release|Any CPU.ActiveCfg = Release|Any CPU
		{55470EDC-0CEA-4A0C-9F91-6306607228CD}.Release|Any CPU.Build.0 = Release|Any CPU
	EndGlobalSection
	GlobalSection(SolutionProperties) = preSolution
		HideSolutionNode = FALSE
	EndGlobalSection
	GlobalSection(NestedProjects) = preSolution
		{55470EDC-0CEA-4A0C-9F91-6306607228CD} = {08A19B59-91C6-431F-98E9-186F200E77A3}
	EndGlobalSection
	GlobalSection(ExtensibilityGlobals) = postSolution
		SolutionGuid = {FA6C254F-194B-4197-AFC1-2C7D2DEF6643}
	EndGlobalSection
EndGlobal
