
Microsoft Visual Studio Solution File, Format Version 12.00
# Visual Studio Version 17
VisualStudioVersion = 17.0.31912.275
MinimumVisualStudioVersion = 10.0.40219.1
Project("{2150E333-8FDC-42A3-9474-1A3956D46DE8}") = "src", "src", "{08A19B59-91C6-431F-98E9-186F200E77A3}"
EndProject
Project("{2150E333-8FDC-42A3-9474-1A3956D46DE8}") = "test", "test", "{ECE10B0F-F64B-46A6-869C-086944683A6F}"
EndProject
Project("{9A19103F-16F7-4668-BE54-9A1E7A4F7556}") = "WebAPI", "src\WebAPI\WebAPI.csproj", "{55470EDC-0CEA-4A0C-9F91-6306607228CD}"
EndProject
Project("{9A19103F-16F7-4668-BE54-9A1E7A4F7556}") = "Domain.UnitTests", "test\Domain.UnitTests\Domain.UnitTests.csproj", "{707A6C61-84B0-42F2-8957-43C21D72B618}"
EndProject
Project("{FAE04EC0-301F-11D3-BF4B-00C04F79EFBC}") = "IntegrationTests", "test\IntegrationTests\IntegrationTests.csproj", "{FF62691D-DB09-42DD-941D-786318BE5EA1}"
EndProject
Project("{FAE04EC0-301F-11D3-BF4B-00C04F79EFBC}") = "Application", "src\Application\Application.csproj", "{66C11BEA-3E0E-459F-B6BE-4E64F24006A4}"
EndProject
Project("{FAE04EC0-301F-11D3-BF4B-00C04F79EFBC}") = "Infrastructure", "src\Infrastructure\Infrastructure.csproj", "{E37F1BCD-48A3-43D1-AF13-C7E02D41F7EE}"
EndProject
Project("{FAE04EC0-301F-11D3-BF4B-00C04F79EFBC}") = "Domain", "src\Domain\Domain.csproj", "{5808DC5E-861D-4641-9FBC-939DA6688796}"
EndProject
Global
	GlobalSection(SolutionConfigurationPlatforms) = preSolution
		Debug|Any CPU = Debug|Any CPU
		Release|Any CPU = Release|Any CPU
	EndGlobalSection
	GlobalSection(ProjectConfigurationPlatforms) = postSolution
		{55470EDC-0CEA-4A0C-9F91-6306607228CD}.Debug|Any CPU.ActiveCfg = Debug|Any CPU
		{55470EDC-0CEA-4A0C-9F91-6306607228CD}.Debug|Any CPU.Build.0 = Debug|Any CPU
		{55470EDC-0CEA-4A0C-9F91-6306607228CD}.Release|Any CPU.ActiveCfg = Release|Any CPU
		{55470EDC-0CEA-4A0C-9F91-6306607228CD}.Release|Any CPU.Build.0 = Release|Any CPU
		{707A6C61-84B0-42F2-8957-43C21D72B618}.Debug|Any CPU.ActiveCfg = Debug|Any CPU
		{707A6C61-84B0-42F2-8957-43C21D72B618}.Debug|Any CPU.Build.0 = Debug|Any CPU
		{707A6C61-84B0-42F2-8957-43C21D72B618}.Release|Any CPU.ActiveCfg = Release|Any CPU
		{707A6C61-84B0-42F2-8957-43C21D72B618}.Release|Any CPU.Build.0 = Release|Any CPU
		{FF62691D-DB09-42DD-941D-786318BE5EA1}.Debug|Any CPU.ActiveCfg = Debug|Any CPU
		{FF62691D-DB09-42DD-941D-786318BE5EA1}.Debug|Any CPU.Build.0 = Debug|Any CPU
		{FF62691D-DB09-42DD-941D-786318BE5EA1}.Release|Any CPU.ActiveCfg = Release|Any CPU
		{FF62691D-DB09-42DD-941D-786318BE5EA1}.Release|Any CPU.Build.0 = Release|Any CPU
		{66C11BEA-3E0E-459F-B6BE-4E64F24006A4}.Debug|Any CPU.ActiveCfg = Debug|Any CPU
		{66C11BEA-3E0E-459F-B6BE-4E64F24006A4}.Debug|Any CPU.Build.0 = Debug|Any CPU
		{66C11BEA-3E0E-459F-B6BE-4E64F24006A4}.Release|Any CPU.ActiveCfg = Release|Any CPU
		{66C11BEA-3E0E-459F-B6BE-4E64F24006A4}.Release|Any CPU.Build.0 = Release|Any CPU
		{E37F1BCD-48A3-43D1-AF13-C7E02D41F7EE}.Debug|Any CPU.ActiveCfg = Debug|Any CPU
		{E37F1BCD-48A3-43D1-AF13-C7E02D41F7EE}.Debug|Any CPU.Build.0 = Debug|Any CPU
		{E37F1BCD-48A3-43D1-AF13-C7E02D41F7EE}.Release|Any CPU.ActiveCfg = Release|Any CPU
		{E37F1BCD-48A3-43D1-AF13-C7E02D41F7EE}.Release|Any CPU.Build.0 = Release|Any CPU
		{5808DC5E-861D-4641-9FBC-939DA6688796}.Debug|Any CPU.ActiveCfg = Debug|Any CPU
		{5808DC5E-861D-4641-9FBC-939DA6688796}.Debug|Any CPU.Build.0 = Debug|Any CPU
		{5808DC5E-861D-4641-9FBC-939DA6688796}.Release|Any CPU.ActiveCfg = Release|Any CPU
		{5808DC5E-861D-4641-9FBC-939DA6688796}.Release|Any CPU.Build.0 = Release|Any CPU
	EndGlobalSection
	GlobalSection(SolutionProperties) = preSolution
		HideSolutionNode = FALSE
	EndGlobalSection
	GlobalSection(NestedProjects) = preSolution
		{55470EDC-0CEA-4A0C-9F91-6306607228CD} = {08A19B59-91C6-431F-98E9-186F200E77A3}
		{707A6C61-84B0-42F2-8957-43C21D72B618} = {ECE10B0F-F64B-46A6-869C-086944683A6F}
		{FF62691D-DB09-42DD-941D-786318BE5EA1} = {ECE10B0F-F64B-46A6-869C-086944683A6F}
		{66C11BEA-3E0E-459F-B6BE-4E64F24006A4} = {08A19B59-91C6-431F-98E9-186F200E77A3}
		{E37F1BCD-48A3-43D1-AF13-C7E02D41F7EE} = {08A19B59-91C6-431F-98E9-186F200E77A3}
		{5808DC5E-861D-4641-9FBC-939DA6688796} = {08A19B59-91C6-431F-98E9-186F200E77A3}
	EndGlobalSection
	GlobalSection(ExtensibilityGlobals) = postSolution
		SolutionGuid = {FA6C254F-194B-4197-AFC1-2C7D2DEF6643}
	EndGlobalSection
EndGlobal
